
Microsoft Visual Studio Solution File, Format Version 12.00
# Visual Studio Version 16
VisualStudioVersion = 16.0.29613.14
MinimumVisualStudioVersion = 10.0.40219.1
Project("{FAE04EC0-301F-11D3-BF4B-00C04F79EFBC}") = "Colecciones2", "Colecciones2\Colecciones2.csproj", "{D7FC6F21-48DA-42C0-A9FF-4E3463384B26}"
EndProject
Global
	GlobalSection(SolutionConfigurationPlatforms) = preSolution
		Debug|Any CPU = Debug|Any CPU
		Release|Any CPU = Release|Any CPU
	EndGlobalSection
	GlobalSection(ProjectConfigurationPlatforms) = postSolution
		{D7FC6F21-48DA-42C0-A9FF-4E3463384B26}.Debug|Any CPU.ActiveCfg = Debug|Any CPU
		{D7FC6F21-48DA-42C0-A9FF-4E3463384B26}.Debug|Any CPU.Build.0 = Debug|Any CPU
		{D7FC6F21-48DA-42C0-A9FF-4E3463384B26}.Release|Any CPU.ActiveCfg = Release|Any CPU
		{D7FC6F21-48DA-42C0-A9FF-4E3463384B26}.Release|Any CPU.Build.0 = Release|Any CPU
	EndGlobalSection
	GlobalSection(SolutionProperties) = preSolution
		HideSolutionNode = FALSE
	EndGlobalSection
	GlobalSection(ExtensibilityGlobals) = postSolution
		SolutionGuid = {63D01822-E16C-4320-AA67-9333FC84FC5E}
	EndGlobalSection
EndGlobal
